
Microsoft Visual Studio Solution File, Format Version 12.00
# Visual Studio Version 17
VisualStudioVersion = 17.4.33103.184
MinimumVisualStudioVersion = 10.0.40219.1
Project("{FAE04EC0-301F-11D3-BF4B-00C04F79EFBC}") = "CSPharma", "CSPharma\CSPharma.csproj", "{13077486-E88D-4F88-890D-385FD8324FCA}"
EndProject
Project("{FAE04EC0-301F-11D3-BF4B-00C04F79EFBC}") = "DAL", "DAL\DAL.csproj", "{3B53C4BC-54AD-4FD9-AEE8-CFD8D9AE49D4}"
EndProject
Global
	GlobalSection(SolutionConfigurationPlatforms) = preSolution
		Debug|Any CPU = Debug|Any CPU
		Release|Any CPU = Release|Any CPU
	EndGlobalSection
	GlobalSection(ProjectConfigurationPlatforms) = postSolution
		{13077486-E88D-4F88-890D-385FD8324FCA}.Debug|Any CPU.ActiveCfg = Debug|Any CPU
		{13077486-E88D-4F88-890D-385FD8324FCA}.Debug|Any CPU.Build.0 = Debug|Any CPU
		{13077486-E88D-4F88-890D-385FD8324FCA}.Release|Any CPU.ActiveCfg = Release|Any CPU
		{13077486-E88D-4F88-890D-385FD8324FCA}.Release|Any CPU.Build.0 = Release|Any CPU
		{3B53C4BC-54AD-4FD9-AEE8-CFD8D9AE49D4}.Debug|Any CPU.ActiveCfg = Debug|Any CPU
		{3B53C4BC-54AD-4FD9-AEE8-CFD8D9AE49D4}.Debug|Any CPU.Build.0 = Debug|Any CPU
		{3B53C4BC-54AD-4FD9-AEE8-CFD8D9AE49D4}.Release|Any CPU.ActiveCfg = Release|Any CPU
		{3B53C4BC-54AD-4FD9-AEE8-CFD8D9AE49D4}.Release|Any CPU.Build.0 = Release|Any CPU
	EndGlobalSection
	GlobalSection(SolutionProperties) = preSolution
		HideSolutionNode = FALSE
	EndGlobalSection
	GlobalSection(ExtensibilityGlobals) = postSolution
		SolutionGuid = {D13A770B-A65D-49EF-8109-C44B6136911F}
	EndGlobalSection
EndGlobal
